PODS:
  - Alamofire (5.0.0-beta.7)
  - Moya/Core (14.0.0-alpha.2):
    - Alamofire (= 5.0.0-beta.7)
  - Moya/RxSwift (14.0.0-alpha.2):
    - Moya/Core
    - RxSwift (~> 5.0)
  - RxBlocking (5.0.0):
    - RxSwift (~> 5)
  - RxCocoa (5.0.0):
    - RxRelay (~> 5)
    - RxSwift (~> 5)
  - RxRelay (5.0.0):
    - RxSwift (~> 5)
  - RxSwift (5.0.0)
  - RxTest (5.0.0):
    - RxSwift (~> 5)
  - SwiftFormat/CLI (0.40.14)
  - SwiftLint (0.37.0)
  - Teller (0.7.1):
    - RxSwift (~> 5.0)

DEPENDENCIES:
  - Moya/RxSwift (~> 14.0.0-alpha.2)
  - RxBlocking (~> 5.0)
  - RxCocoa (~> 5.0)
  - RxTest (~> 5.0)
  - SwiftFormat/CLI
  - SwiftLint
  - Teller (from `../`)

SPEC REPOS:
  trunk:
    - Alamofire
    - Moya
    - RxBlocking
    - RxCocoa
    - RxRelay
    - RxSwift
    - RxTest
    - SwiftFormat
    - SwiftLint

EXTERNAL SOURCES:
  Teller:
    :path: "../"

SPEC CHECKSUMS:
  Alamofire: bd07938ceecad59d2492aeecb1f785a8f2721160
  Moya: a6f1894cf6baec301aa02b0ecf10e5d8ade556ae
  RxBlocking: c67185d26498ea3cbe3e121917c3c16739e43123
  RxCocoa: fcf32050ac00d801f34a7f71d5e8e7f23026dcd8
  RxRelay: 4f7409406a51a55cd88483f21ed898c234d60f18
  RxSwift: 8b0671caa829a763bbce7271095859121cbd895f
  RxTest: 4349afe98f564e0a9bc19063368904622d17d49a
  SwiftFormat: 21c9c3c748d5fcece493d8610eee23df15393458
  SwiftLint: c078a14d7d7ade75e5507795d185e3da41d844d2
  Teller: 7694cbcadca2db5dda44a2f5dcd2804576f449f2

PODFILE CHECKSUM: d4248ba533b33cea1e19dd96533a503ff96e55e1

COCOAPODS: 1.8.4
