PODS:
  - RxBlocking (4.3.0):
    - RxSwift (~> 4.0)
  - RxSwift (4.2.0)
  - RxTest (4.3.0):
    - RxSwift (~> 4.0)
  - Teller (0.1.0):
    - RxSwift (~> 4.0)

DEPENDENCIES:
  - RxBlocking (~> 4.3)
  - RxTest (~> 4.3)
  - Teller (from `../`)

SPEC REPOS:
  https://github.com/cocoapods/specs.git:
    - RxBlocking
    - RxSwift
    - RxTest

EXTERNAL SOURCES:
  Teller:
    :path: "../"

SPEC CHECKSUMS:
  RxBlocking: ab8b3ac2aa5d030146fe3a3e7916d8efa202beae
  RxSwift: 99e10317ddfcc7fbe01356aafd118fde4a0be104
  RxTest: 831444848ac3c5efdd7d80ff5dc4b50ba08877a9
  Teller: 0d23a75e793e3e192d7b236a91b659672e799e93

PODFILE CHECKSUM: dd66097f62c59f0879fe7d2ccc1868b66464c72e

COCOAPODS: 1.5.3
