// !$*UTF8*$!
{
	archiveVersion = 1;
	classes = {
	};
	objectVersion = 46;
	objects = {

/* Begin PBXBuildFile section */
		4DBB56BA01F0C6D528E5051C /* Pods_Teller_Example.framework in Frameworks */ = {isa = PBXBuildFile; fileRef = E59366377BC8D56FE1078B5B /* Pods_Teller_Example.framework */; };
		56212DC21E38365149138683 /* Pods_Teller_Tests.framework in Frameworks */ = {isa = PBXBuildFile; fileRef = EAE5EDFB0FDF26DE376FB19E /* Pods_Teller_Tests.framework */; };
		607FACD61AFB9204008FA782 /* AppDelegate.swift in Sources */ = {isa = PBXBuildFile; fileRef = 607FACD51AFB9204008FA782 /* AppDelegate.swift */; };
		607FACD81AFB9204008FA782 /* ViewController.swift in Sources */ = {isa = PBXBuildFile; fileRef = 607FACD71AFB9204008FA782 /* ViewController.swift */; };
		607FACDB1AFB9204008FA782 /* Main.storyboard in Resources */ = {isa = PBXBuildFile; fileRef = 607FACD91AFB9204008FA782 /* Main.storyboard */; };
		607FACDD1AFB9204008FA782 /* Images.xcassets in Resources */ = {isa = PBXBuildFile; fileRef = 607FACDC1AFB9204008FA782 /* Images.xcassets */; };
		607FACE01AFB9204008FA782 /* LaunchScreen.xib in Resources */ = {isa = PBXBuildFile; fileRef = 607FACDE1AFB9204008FA782 /* LaunchScreen.xib */; };
		F721D2122187C3D500C2C7E8 /* TestsSchedulersProvider.swift in Sources */ = {isa = PBXBuildFile; fileRef = F721D2112187C3D500C2C7E8 /* TestsSchedulersProvider.swift */; };
		F72A285C21876F96007444D7 /* TellerErrorTest.swift in Sources */ = {isa = PBXBuildFile; fileRef = F72A285B21876F96007444D7 /* TellerErrorTest.swift */; };
		F7818C45215074F70050607E /* TellerRepositorySyncStateManagerTest.swift in Sources */ = {isa = PBXBuildFile; fileRef = F7818C44215074F70050607E /* TellerRepositorySyncStateManagerTest.swift */; };
		F7818C5121507B090050607E /* TellerUserDefaultsUtilTest.swift in Sources */ = {isa = PBXBuildFile; fileRef = F7818C5021507B090050607E /* TellerUserDefaultsUtilTest.swift */; };
		F7818C53215143460050607E /* OnlineRepositoryDataSourceTest.swift in Sources */ = {isa = PBXBuildFile; fileRef = F7818C52215143460050607E /* OnlineRepositoryDataSourceTest.swift */; };
		F7818C5621514AE70050607E /* PeriodTest.swift in Sources */ = {isa = PBXBuildFile; fileRef = F7818C5521514AE70050607E /* PeriodTest.swift */; };
		F7818C5B21514C490050607E /* LocalDataStateCompoundBehaviorSubjectTest.swift in Sources */ = {isa = PBXBuildFile; fileRef = F7818C5A21514C490050607E /* LocalDataStateCompoundBehaviorSubjectTest.swift */; };
		F7818C5D215172180050607E /* OnlineDataStateBehaviorSubjectTest.swift in Sources */ = {isa = PBXBuildFile; fileRef = F7818C5C215172180050607E /* OnlineDataStateBehaviorSubjectTest.swift */; };
		F7818C5F21517C220050607E /* OnlineRepositoryTest.swift in Sources */ = {isa = PBXBuildFile; fileRef = F7818C5E21517C220050607E /* OnlineRepositoryTest.swift */; };
		F7818C6121517C820050607E /* MockOnlineRepositoryDataSource.swift in Sources */ = {isa = PBXBuildFile; fileRef = F7818C6021517C820050607E /* MockOnlineRepositoryDataSource.swift */; };
		F7818C6321517F2C0050607E /* MockRepositorySyncStateManager.swift in Sources */ = {isa = PBXBuildFile; fileRef = F7818C6221517F2C0050607E /* MockRepositorySyncStateManager.swift */; };
		F7818C8E2152CA1F0050607E /* LocalDataState+StateTest.swift in Sources */ = {isa = PBXBuildFile; fileRef = F7818C8D2152CA1F0050607E /* LocalDataState+StateTest.swift */; };
		F7818C912152CE440050607E /* OnlineDataState+StateTest.swift in Sources */ = {isa = PBXBuildFile; fileRef = F7818C902152CE440050607E /* OnlineDataState+StateTest.swift */; };
		F7909F1521BB2EF60034055D /* MockOnlineRepositoryRefreshManager.swift in Sources */ = {isa = PBXBuildFile; fileRef = F7909F1421BB2EF60034055D /* MockOnlineRepositoryRefreshManager.swift */; };
		F7AFBDEA21505130008ECB51 /* LocalDataStateTest.swift in Sources */ = {isa = PBXBuildFile; fileRef = F7AFBDE921505130008ECB51 /* LocalDataStateTest.swift */; };
		F7AFBDEC21505339008ECB51 /* OnlineDataStateTest.swift in Sources */ = {isa = PBXBuildFile; fileRef = F7AFBDEB21505339008ECB51 /* OnlineDataStateTest.swift */; };
		F7AFBDF0215059CC008ECB51 /* FetchResponseTest.swift in Sources */ = {isa = PBXBuildFile; fileRef = F7AFBDEF215059CC008ECB51 /* FetchResponseTest.swift */; };
		F7AFBDF221505B99008ECB51 /* RefreshResultTest.swift in Sources */ = {isa = PBXBuildFile; fileRef = F7AFBDF121505B99008ECB51 /* RefreshResultTest.swift */; };
		F7AFBDF521505D03008ECB51 /* LocalRepositoryTest.swift in Sources */ = {isa = PBXBuildFile; fileRef = F7AFBDF421505D03008ECB51 /* LocalRepositoryTest.swift */; };
		F7B5CD04216680B600EDC914 /* RxCocoa.framework in Frameworks */ = {isa = PBXBuildFile; fileRef = F7B5CD03216680B600EDC914 /* RxCocoa.framework */; };
		F7B5CD06216682C900EDC914 /* ExampleOnlineRepository.swift in Sources */ = {isa = PBXBuildFile; fileRef = F7B5CD05216682C900EDC914 /* ExampleOnlineRepository.swift */; };
		F7BE7234216677E800D0F288 /* ExampleLocalRepository.swift in Sources */ = {isa = PBXBuildFile; fileRef = F7BE7233216677E800D0F288 /* ExampleLocalRepository.swift */; };
		F7BE7236216677FA00D0F288 /* Teller.framework in Frameworks */ = {isa = PBXBuildFile; fileRef = F7BE7235216677FA00D0F288 /* Teller.framework */; };
		F7BE723821667EDA00D0F288 /* RxSwift.framework in Frameworks */ = {isa = PBXBuildFile; fileRef = F7BE723721667EDA00D0F288 /* RxSwift.framework */; };
		F7C3CCDA217A7EFA00FA0879 /* CHANGELOG.md in Resources */ = {isa = PBXBuildFile; fileRef = F7C3CCD9217A7EFA00FA0879 /* CHANGELOG.md */; };
		F7D275462166878E00D89CA5 /* Moya.framework in Frameworks */ = {isa = PBXBuildFile; fileRef = F7D275452166878E00D89CA5 /* Moya.framework */; };
		F7D27548216687D400D89CA5 /* GitHubService.swift in Sources */ = {isa = PBXBuildFile; fileRef = F7D27547216687D400D89CA5 /* GitHubService.swift */; };
		F7DDEDA221B00A6A005ADF92 /* OnlineDataStateStateMachineTest.swift in Sources */ = {isa = PBXBuildFile; fileRef = F7DDEDA121B00A6A005ADF92 /* OnlineDataStateStateMachineTest.swift */; };
		F7DDEDA421B15DCC005ADF92 /* NoCacheStateMachineTest.swift in Sources */ = {isa = PBXBuildFile; fileRef = F7DDEDA321B15DCC005ADF92 /* NoCacheStateMachineTest.swift */; };
		F7DDEDA621B15EFC005ADF92 /* CacheStateMachineTest.swift in Sources */ = {isa = PBXBuildFile; fileRef = F7DDEDA521B15EFC005ADF92 /* CacheStateMachineTest.swift */; };
		F7DDEDA821B15FB8005ADF92 /* FetchingFreshCacheStateMachineTest.swift in Sources */ = {isa = PBXBuildFile; fileRef = F7DDEDA721B15FB8005ADF92 /* FetchingFreshCacheStateMachineTest.swift */; };
		F7DDEDAD21B5A8C2005ADF92 /* UserDefaultsUtilMock.swift in Sources */ = {isa = PBXBuildFile; fileRef = F7DDEDAC21B5A8C2005ADF92 /* UserDefaultsUtilMock.swift */; };
		F7DDEDAF21B5AAE7005ADF92 /* TellerTest.swift in Sources */ = {isa = PBXBuildFile; fileRef = F7DDEDAE21B5AAE7005ADF92 /* TellerTest.swift */; };
		F7EC6AB821B7230F002D272A /* OnlineRepositoryRefreshManagerTest.swift in Sources */ = {isa = PBXBuildFile; fileRef = F7EC6AB721B7230E002D272A /* OnlineRepositoryRefreshManagerTest.swift */; };
/* End PBXBuildFile section */

/* Begin PBXContainerItemProxy section */
		607FACE61AFB9204008FA782 /* PBXContainerItemProxy */ = {
			isa = PBXContainerItemProxy;
			containerPortal = 607FACC81AFB9204008FA782 /* Project object */;
			proxyType = 1;
			remoteGlobalIDString = 607FACCF1AFB9204008FA782;
			remoteInfo = Teller;
		};
/* End PBXContainerItemProxy section */

/* Begin PBXFileReference section */
		2A3E4A6C0838D38DF48D3140 /* Pods-Teller_Example.release.xcconfig */ = {isa = PBXFileReference; includeInIndex = 1; lastKnownFileType = text.xcconfig; name = "Pods-Teller_Example.release.xcconfig"; path = "Pods/Target Support Files/Pods-Teller_Example/Pods-Teller_Example.release.xcconfig"; sourceTree = "<group>"; };
		33A92DDBDB036D1998249913 /* LICENSE */ = {isa = PBXFileReference; includeInIndex = 1; lastKnownFileType = text; name = LICENSE; path = ../LICENSE; sourceTree = "<group>"; };
		5CF983509049B8C9A2C585D5 /* README.md */ = {isa = PBXFileReference; includeInIndex = 1; lastKnownFileType = net.daringfireball.markdown; name = README.md; path = ../README.md; sourceTree = "<group>"; };
		607FACD01AFB9204008FA782 /* Teller_Example.app */ = {isa = PBXFileReference; explicitFileType = wrapper.application; includeInIndex = 0; path = Teller_Example.app; sourceTree = BUILT_PRODUCTS_DIR; };
		607FACD41AFB9204008FA782 /* Info.plist */ = {isa = PBXFileReference; lastKnownFileType = text.plist.xml; path = Info.plist; sourceTree = "<group>"; };
		607FACD51AFB9204008FA782 /* AppDelegate.swift */ = {isa = PBXFileReference; lastKnownFileType = sourcecode.swift; path = AppDelegate.swift; sourceTree = "<group>"; };
		607FACD71AFB9204008FA782 /* ViewController.swift */ = {isa = PBXFileReference; lastKnownFileType = sourcecode.swift; path = ViewController.swift; sourceTree = "<group>"; };
		607FACDA1AFB9204008FA782 /* Base */ = {isa = PBXFileReference; lastKnownFileType = file.storyboard; name = Base; path = Base.lproj/Main.storyboard; sourceTree = "<group>"; };
		607FACDC1AFB9204008FA782 /* Images.xcassets */ = {isa = PBXFileReference; lastKnownFileType = folder.assetcatalog; path = Images.xcassets; sourceTree = "<group>"; };
		607FACDF1AFB9204008FA782 /* Base */ = {isa = PBXFileReference; lastKnownFileType = file.xib; name = Base; path = Base.lproj/LaunchScreen.xib; sourceTree = "<group>"; };
		607FACE51AFB9204008FA782 /* Teller_Tests.xctest */ = {isa = PBXFileReference; explicitFileType = wrapper.cfbundle; includeInIndex = 0; path = Teller_Tests.xctest; sourceTree = BUILT_PRODUCTS_DIR; };
		607FACEA1AFB9204008FA782 /* Info.plist */ = {isa = PBXFileReference; lastKnownFileType = text.plist.xml; path = Info.plist; sourceTree = "<group>"; };
		7755B3E7D4E28EE0C921E9B6 /* Pods-Teller_Example.debug.xcconfig */ = {isa = PBXFileReference; includeInIndex = 1; lastKnownFileType = text.xcconfig; name = "Pods-Teller_Example.debug.xcconfig"; path = "Pods/Target Support Files/Pods-Teller_Example/Pods-Teller_Example.debug.xcconfig"; sourceTree = "<group>"; };
		BDBCD57E9AF937C1B30D8306 /* Pods-Teller_Tests.release.xcconfig */ = {isa = PBXFileReference; includeInIndex = 1; lastKnownFileType = text.xcconfig; name = "Pods-Teller_Tests.release.xcconfig"; path = "Pods/Target Support Files/Pods-Teller_Tests/Pods-Teller_Tests.release.xcconfig"; sourceTree = "<group>"; };
		E59366377BC8D56FE1078B5B /* Pods_Teller_Example.framework */ = {isa = PBXFileReference; explicitFileType = wrapper.framework; includeInIndex = 0; path = Pods_Teller_Example.framework; sourceTree = BUILT_PRODUCTS_DIR; };
		EAE5EDFB0FDF26DE376FB19E /* Pods_Teller_Tests.framework */ = {isa = PBXFileReference; explicitFileType = wrapper.framework; includeInIndex = 0; path = Pods_Teller_Tests.framework; sourceTree = BUILT_PRODUCTS_DIR; };
		EB581EA92B0253DC5AEDEF61 /* Teller.podspec */ = {isa = PBXFileReference; includeInIndex = 1; lastKnownFileType = text; name = Teller.podspec; path = ../Teller.podspec; sourceTree = "<group>"; xcLanguageSpecificationIdentifier = xcode.lang.ruby; };
		EDF3627C0E4FA9CEE926B448 /* Pods-Teller_Tests.debug.xcconfig */ = {isa = PBXFileReference; includeInIndex = 1; lastKnownFileType = text.xcconfig; name = "Pods-Teller_Tests.debug.xcconfig"; path = "Pods/Target Support Files/Pods-Teller_Tests/Pods-Teller_Tests.debug.xcconfig"; sourceTree = "<group>"; };
		F721D2112187C3D500C2C7E8 /* TestsSchedulersProvider.swift */ = {isa = PBXFileReference; lastKnownFileType = sourcecode.swift; path = TestsSchedulersProvider.swift; sourceTree = "<group>"; };
		F72A285B21876F96007444D7 /* TellerErrorTest.swift */ = {isa = PBXFileReference; lastKnownFileType = sourcecode.swift; path = TellerErrorTest.swift; sourceTree = "<group>"; };
		F7818C44215074F70050607E /* TellerRepositorySyncStateManagerTest.swift */ = {isa = PBXFileReference; lastKnownFileType = sourcecode.swift; path = TellerRepositorySyncStateManagerTest.swift; sourceTree = "<group>"; };
		F7818C5021507B090050607E /* TellerUserDefaultsUtilTest.swift */ = {isa = PBXFileReference; lastKnownFileType = sourcecode.swift; path = TellerUserDefaultsUtilTest.swift; sourceTree = "<group>"; };
		F7818C52215143460050607E /* OnlineRepositoryDataSourceTest.swift */ = {isa = PBXFileReference; lastKnownFileType = sourcecode.swift; path = OnlineRepositoryDataSourceTest.swift; sourceTree = "<group>"; };
		F7818C5521514AE70050607E /* PeriodTest.swift */ = {isa = PBXFileReference; lastKnownFileType = sourcecode.swift; path = PeriodTest.swift; sourceTree = "<group>"; };
		F7818C5A21514C490050607E /* LocalDataStateCompoundBehaviorSubjectTest.swift */ = {isa = PBXFileReference; lastKnownFileType = sourcecode.swift; path = LocalDataStateCompoundBehaviorSubjectTest.swift; sourceTree = "<group>"; };
		F7818C5C215172180050607E /* OnlineDataStateBehaviorSubjectTest.swift */ = {isa = PBXFileReference; lastKnownFileType = sourcecode.swift; path = OnlineDataStateBehaviorSubjectTest.swift; sourceTree = "<group>"; };
		F7818C5E21517C220050607E /* OnlineRepositoryTest.swift */ = {isa = PBXFileReference; lastKnownFileType = sourcecode.swift; path = OnlineRepositoryTest.swift; sourceTree = "<group>"; };
		F7818C6021517C820050607E /* MockOnlineRepositoryDataSource.swift */ = {isa = PBXFileReference; lastKnownFileType = sourcecode.swift; path = MockOnlineRepositoryDataSource.swift; sourceTree = "<group>"; };
		F7818C6221517F2C0050607E /* MockRepositorySyncStateManager.swift */ = {isa = PBXFileReference; lastKnownFileType = sourcecode.swift; path = MockRepositorySyncStateManager.swift; sourceTree = "<group>"; };
		F7818C8D2152CA1F0050607E /* LocalDataState+StateTest.swift */ = {isa = PBXFileReference; lastKnownFileType = sourcecode.swift; path = "LocalDataState+StateTest.swift"; sourceTree = "<group>"; };
		F7818C902152CE440050607E /* OnlineDataState+StateTest.swift */ = {isa = PBXFileReference; lastKnownFileType = sourcecode.swift; path = "OnlineDataState+StateTest.swift"; sourceTree = "<group>"; };
		F7909F1421BB2EF60034055D /* MockOnlineRepositoryRefreshManager.swift */ = {isa = PBXFileReference; lastKnownFileType = sourcecode.swift; path = MockOnlineRepositoryRefreshManager.swift; sourceTree = "<group>"; };
		F7AFBDE921505130008ECB51 /* LocalDataStateTest.swift */ = {isa = PBXFileReference; lastKnownFileType = sourcecode.swift; path = LocalDataStateTest.swift; sourceTree = "<group>"; };
		F7AFBDEB21505339008ECB51 /* OnlineDataStateTest.swift */ = {isa = PBXFileReference; lastKnownFileType = sourcecode.swift; path = OnlineDataStateTest.swift; sourceTree = "<group>"; };
		F7AFBDEF215059CC008ECB51 /* FetchResponseTest.swift */ = {isa = PBXFileReference; lastKnownFileType = sourcecode.swift; path = FetchResponseTest.swift; sourceTree = "<group>"; };
		F7AFBDF121505B99008ECB51 /* RefreshResultTest.swift */ = {isa = PBXFileReference; lastKnownFileType = sourcecode.swift; path = RefreshResultTest.swift; sourceTree = "<group>"; };
		F7AFBDF421505D03008ECB51 /* LocalRepositoryTest.swift */ = {isa = PBXFileReference; lastKnownFileType = sourcecode.swift; path = LocalRepositoryTest.swift; sourceTree = "<group>"; };
		F7B5CD03216680B600EDC914 /* RxCocoa.framework */ = {isa = PBXFileReference; explicitFileType = wrapper.framework; path = RxCocoa.framework; sourceTree = BUILT_PRODUCTS_DIR; };
		F7B5CD05216682C900EDC914 /* ExampleOnlineRepository.swift */ = {isa = PBXFileReference; lastKnownFileType = sourcecode.swift; path = ExampleOnlineRepository.swift; sourceTree = "<group>"; };
		F7BAA9C621668A9E00C32491 /* ObjectMapper.framework */ = {isa = PBXFileReference; explicitFileType = wrapper.framework; path = ObjectMapper.framework; sourceTree = BUILT_PRODUCTS_DIR; };
		F7BE7233216677E800D0F288 /* ExampleLocalRepository.swift */ = {isa = PBXFileReference; lastKnownFileType = sourcecode.swift; path = ExampleLocalRepository.swift; sourceTree = "<group>"; };
		F7BE7235216677FA00D0F288 /* Teller.framework */ = {isa = PBXFileReference; explicitFileType = wrapper.framework; path = Teller.framework; sourceTree = BUILT_PRODUCTS_DIR; };
		F7BE723721667EDA00D0F288 /* RxSwift.framework */ = {isa = PBXFileReference; explicitFileType = wrapper.framework; path = RxSwift.framework; sourceTree = BUILT_PRODUCTS_DIR; };
		F7C3CCD9217A7EFA00FA0879 /* CHANGELOG.md */ = {isa = PBXFileReference; fileEncoding = 4; lastKnownFileType = net.daringfireball.markdown; name = CHANGELOG.md; path = ../CHANGELOG.md; sourceTree = "<group>"; };
		F7D275452166878E00D89CA5 /* Moya.framework */ = {isa = PBXFileReference; explicitFileType = wrapper.framework; path = Moya.framework; sourceTree = BUILT_PRODUCTS_DIR; };
		F7D27547216687D400D89CA5 /* GitHubService.swift */ = {isa = PBXFileReference; lastKnownFileType = sourcecode.swift; path = GitHubService.swift; sourceTree = "<group>"; };
		F7DDEDA121B00A6A005ADF92 /* OnlineDataStateStateMachineTest.swift */ = {isa = PBXFileReference; lastKnownFileType = sourcecode.swift; path = OnlineDataStateStateMachineTest.swift; sourceTree = "<group>"; };
		F7DDEDA321B15DCC005ADF92 /* NoCacheStateMachineTest.swift */ = {isa = PBXFileReference; lastKnownFileType = sourcecode.swift; path = NoCacheStateMachineTest.swift; sourceTree = "<group>"; };
		F7DDEDA521B15EFC005ADF92 /* CacheStateMachineTest.swift */ = {isa = PBXFileReference; lastKnownFileType = sourcecode.swift; path = CacheStateMachineTest.swift; sourceTree = "<group>"; };
		F7DDEDA721B15FB8005ADF92 /* FetchingFreshCacheStateMachineTest.swift */ = {isa = PBXFileReference; lastKnownFileType = sourcecode.swift; path = FetchingFreshCacheStateMachineTest.swift; sourceTree = "<group>"; };
		F7DDEDAC21B5A8C2005ADF92 /* UserDefaultsUtilMock.swift */ = {isa = PBXFileReference; lastKnownFileType = sourcecode.swift; path = UserDefaultsUtilMock.swift; sourceTree = "<group>"; };
		F7DDEDAE21B5AAE7005ADF92 /* TellerTest.swift */ = {isa = PBXFileReference; lastKnownFileType = sourcecode.swift; path = TellerTest.swift; sourceTree = "<group>"; };
		F7EC6AB721B7230E002D272A /* OnlineRepositoryRefreshManagerTest.swift */ = {isa = PBXFileReference; lastKnownFileType = sourcecode.swift; path = OnlineRepositoryRefreshManagerTest.swift; sourceTree = "<group>"; };
/* End PBXFileReference section */

/* Begin PBXFrameworksBuildPhase section */
		607FACCD1AFB9204008FA782 /* Frameworks */ = {
			isa = PBXFrameworksBuildPhase;
			buildActionMask = 2147483647;
			files = (
				F7D275462166878E00D89CA5 /* Moya.framework in Frameworks */,
				F7B5CD04216680B600EDC914 /* RxCocoa.framework in Frameworks */,
				F7BE723821667EDA00D0F288 /* RxSwift.framework in Frameworks */,
				F7BE7236216677FA00D0F288 /* Teller.framework in Frameworks */,
				4DBB56BA01F0C6D528E5051C /* Pods_Teller_Example.framework in Frameworks */,
			);
			runOnlyForDeploymentPostprocessing = 0;
		};
		607FACE21AFB9204008FA782 /* Frameworks */ = {
			isa = PBXFrameworksBuildPhase;
			buildActionMask = 2147483647;
			files = (
				56212DC21E38365149138683 /* Pods_Teller_Tests.framework in Frameworks */,
			);
			runOnlyForDeploymentPostprocessing = 0;
		};
/* End PBXFrameworksBuildPhase section */

/* Begin PBXGroup section */
		5FBF56F982394A1C78C2DAB1 /* Pods */ = {
			isa = PBXGroup;
			children = (
				7755B3E7D4E28EE0C921E9B6 /* Pods-Teller_Example.debug.xcconfig */,
				2A3E4A6C0838D38DF48D3140 /* Pods-Teller_Example.release.xcconfig */,
				EDF3627C0E4FA9CEE926B448 /* Pods-Teller_Tests.debug.xcconfig */,
				BDBCD57E9AF937C1B30D8306 /* Pods-Teller_Tests.release.xcconfig */,
			);
			name = Pods;
			sourceTree = "<group>";
		};
		607FACC71AFB9204008FA782 = {
			isa = PBXGroup;
			children = (
				607FACF51AFB993E008FA782 /* Podspec Metadata */,
				607FACD21AFB9204008FA782 /* Example for Teller */,
				607FACE81AFB9204008FA782 /* Tests */,
				607FACD11AFB9204008FA782 /* Products */,
				5FBF56F982394A1C78C2DAB1 /* Pods */,
				99CC6D671D714EF79D7ECC80 /* Frameworks */,
			);
			sourceTree = "<group>";
		};
		607FACD11AFB9204008FA782 /* Products */ = {
			isa = PBXGroup;
			children = (
				607FACD01AFB9204008FA782 /* Teller_Example.app */,
				607FACE51AFB9204008FA782 /* Teller_Tests.xctest */,
			);
			name = Products;
			sourceTree = "<group>";
		};
		607FACD21AFB9204008FA782 /* Example for Teller */ = {
			isa = PBXGroup;
			children = (
				607FACD51AFB9204008FA782 /* AppDelegate.swift */,
				607FACD71AFB9204008FA782 /* ViewController.swift */,
				607FACD91AFB9204008FA782 /* Main.storyboard */,
				607FACDC1AFB9204008FA782 /* Images.xcassets */,
				607FACDE1AFB9204008FA782 /* LaunchScreen.xib */,
				607FACD31AFB9204008FA782 /* Supporting Files */,
				F7BE7233216677E800D0F288 /* ExampleLocalRepository.swift */,
				F7B5CD05216682C900EDC914 /* ExampleOnlineRepository.swift */,
				F7D27547216687D400D89CA5 /* GitHubService.swift */,
			);
			name = "Example for Teller";
			path = Teller;
			sourceTree = "<group>";
		};
		607FACD31AFB9204008FA782 /* Supporting Files */ = {
			isa = PBXGroup;
			children = (
				607FACD41AFB9204008FA782 /* Info.plist */,
			);
			name = "Supporting Files";
			sourceTree = "<group>";
		};
		607FACE81AFB9204008FA782 /* Tests */ = {
			isa = PBXGroup;
			children = (
				F721D2102187C3C700C2C7E8 /* rxswift */,
				F72A285A21876F6A007444D7 /* error */,
				F7818C5721514C2F0050607E /* subject */,
				F7818C5421514ADB0050607E /* type */,
				F7818C4F21507AF90050607E /* util */,
				F7AFBDED215059AC008ECB51 /* repository */,
				F7AFBDE821505109008ECB51 /* datastate */,
				607FACE91AFB9204008FA782 /* Supporting Files */,
				F7DDEDAE21B5AAE7005ADF92 /* TellerTest.swift */,
			);
			path = Tests;
			sourceTree = "<group>";
		};
		607FACE91AFB9204008FA782 /* Supporting Files */ = {
			isa = PBXGroup;
			children = (
				607FACEA1AFB9204008FA782 /* Info.plist */,
			);
			name = "Supporting Files";
			sourceTree = "<group>";
		};
		607FACF51AFB993E008FA782 /* Podspec Metadata */ = {
			isa = PBXGroup;
			children = (
				F7C3CCD9217A7EFA00FA0879 /* CHANGELOG.md */,
				EB581EA92B0253DC5AEDEF61 /* Teller.podspec */,
				5CF983509049B8C9A2C585D5 /* README.md */,
				33A92DDBDB036D1998249913 /* LICENSE */,
			);
			name = "Podspec Metadata";
			sourceTree = "<group>";
		};
		99CC6D671D714EF79D7ECC80 /* Frameworks */ = {
			isa = PBXGroup;
			children = (
				F7BAA9C621668A9E00C32491 /* ObjectMapper.framework */,
				F7D275452166878E00D89CA5 /* Moya.framework */,
				F7B5CD03216680B600EDC914 /* RxCocoa.framework */,
				F7BE723721667EDA00D0F288 /* RxSwift.framework */,
				F7BE7235216677FA00D0F288 /* Teller.framework */,
				E59366377BC8D56FE1078B5B /* Pods_Teller_Example.framework */,
				EAE5EDFB0FDF26DE376FB19E /* Pods_Teller_Tests.framework */,
			);
			name = Frameworks;
			sourceTree = "<group>";
		};
		F721D2102187C3C700C2C7E8 /* rxswift */ = {
			isa = PBXGroup;
			children = (
				F721D2112187C3D500C2C7E8 /* TestsSchedulersProvider.swift */,
			);
			path = rxswift;
			sourceTree = "<group>";
		};
		F72A285A21876F6A007444D7 /* error */ = {
			isa = PBXGroup;
			children = (
				F72A285B21876F96007444D7 /* TellerErrorTest.swift */,
			);
			path = error;
			sourceTree = "<group>";
		};
		F7818C43215074EA0050607E /* manager */ = {
			isa = PBXGroup;
			children = (
				F7818C44215074F70050607E /* TellerRepositorySyncStateManagerTest.swift */,
				F7818C6221517F2C0050607E /* MockRepositorySyncStateManager.swift */,
				F7EC6AB721B7230E002D272A /* OnlineRepositoryRefreshManagerTest.swift */,
				F7909F1421BB2EF60034055D /* MockOnlineRepositoryRefreshManager.swift */,
			);
			path = manager;
			sourceTree = "<group>";
		};
		F7818C4F21507AF90050607E /* util */ = {
			isa = PBXGroup;
			children = (
				F7818C5021507B090050607E /* TellerUserDefaultsUtilTest.swift */,
				F7DDEDAC21B5A8C2005ADF92 /* UserDefaultsUtilMock.swift */,
			);
			path = util;
			sourceTree = "<group>";
		};
		F7818C5421514ADB0050607E /* type */ = {
			isa = PBXGroup;
			children = (
				F7818C5521514AE70050607E /* PeriodTest.swift */,
			);
			path = type;
			sourceTree = "<group>";
		};
		F7818C5721514C2F0050607E /* subject */ = {
			isa = PBXGroup;
			children = (
				F7818C5A21514C490050607E /* LocalDataStateCompoundBehaviorSubjectTest.swift */,
				F7818C5C215172180050607E /* OnlineDataStateBehaviorSubjectTest.swift */,
			);
			path = subject;
			sourceTree = "<group>";
		};
		F7818C8C2152C9FF0050607E /* local */ = {
			isa = PBXGroup;
			children = (
				F7AFBDE921505130008ECB51 /* LocalDataStateTest.swift */,
				F7818C8D2152CA1F0050607E /* LocalDataState+StateTest.swift */,
			);
			path = local;
			sourceTree = "<group>";
		};
		F7818C8F2152CE2E0050607E /* online */ = {
			isa = PBXGroup;
			children = (
				F7DDEDA021B00975005ADF92 /* state machine */,
				F7AFBDEB21505339008ECB51 /* OnlineDataStateTest.swift */,
				F7818C902152CE440050607E /* OnlineDataState+StateTest.swift */,
			);
			path = online;
			sourceTree = "<group>";
		};
		F7AFBDE821505109008ECB51 /* datastate */ = {
			isa = PBXGroup;
			children = (
				F7818C8F2152CE2E0050607E /* online */,
				F7818C8C2152C9FF0050607E /* local */,
			);
			path = datastate;
			sourceTree = "<group>";
		};
		F7AFBDED215059AC008ECB51 /* repository */ = {
			isa = PBXGroup;
			children = (
				F7818C43215074EA0050607E /* manager */,
				F7AFBDF321505CF0008ECB51 /* local */,
				F7AFBDEE215059BD008ECB51 /* online */,
			);
			path = repository;
			sourceTree = "<group>";
		};
		F7AFBDEE215059BD008ECB51 /* online */ = {
			isa = PBXGroup;
			children = (
				F7AFBDEF215059CC008ECB51 /* FetchResponseTest.swift */,
				F7AFBDF121505B99008ECB51 /* RefreshResultTest.swift */,
				F7818C52215143460050607E /* OnlineRepositoryDataSourceTest.swift */,
				F7818C5E21517C220050607E /* OnlineRepositoryTest.swift */,
				F7818C6021517C820050607E /* MockOnlineRepositoryDataSource.swift */,
			);
			path = online;
			sourceTree = "<group>";
		};
		F7AFBDF321505CF0008ECB51 /* local */ = {
			isa = PBXGroup;
			children = (
				F7AFBDF421505D03008ECB51 /* LocalRepositoryTest.swift */,
			);
			path = local;
			sourceTree = "<group>";
		};
		F7DDEDA021B00975005ADF92 /* state machine */ = {
			isa = PBXGroup;
			children = (
				F7DDEDA121B00A6A005ADF92 /* OnlineDataStateStateMachineTest.swift */,
				F7DDEDA321B15DCC005ADF92 /* NoCacheStateMachineTest.swift */,
				F7DDEDA521B15EFC005ADF92 /* CacheStateMachineTest.swift */,
				F7DDEDA721B15FB8005ADF92 /* FetchingFreshCacheStateMachineTest.swift */,
			);
			path = "state machine";
			sourceTree = "<group>";
		};
/* End PBXGroup section */

/* Begin PBXNativeTarget section */
		607FACCF1AFB9204008FA782 /* Teller_Example */ = {
			isa = PBXNativeTarget;
			buildConfigurationList = 607FACEF1AFB9204008FA782 /* Build configuration list for PBXNativeTarget "Teller_Example" */;
			buildPhases = (
				366E1D720DD85BDC303F98E4 /* [CP] Check Pods Manifest.lock */,
				607FACCC1AFB9204008FA782 /* Sources */,
				607FACCD1AFB9204008FA782 /* Frameworks */,
				607FACCE1AFB9204008FA782 /* Resources */,
				5D27B4C85AAC3DD444A10FA1 /* [CP] Embed Pods Frameworks */,
			);
			buildRules = (
			);
			dependencies = (
			);
			name = Teller_Example;
			productName = Teller;
			productReference = 607FACD01AFB9204008FA782 /* Teller_Example.app */;
			productType = "com.apple.product-type.application";
		};
		607FACE41AFB9204008FA782 /* Teller_Tests */ = {
			isa = PBXNativeTarget;
			buildConfigurationList = 607FACF21AFB9204008FA782 /* Build configuration list for PBXNativeTarget "Teller_Tests" */;
			buildPhases = (
				2B6C99DC536560365BC9B0DE /* [CP] Check Pods Manifest.lock */,
				607FACE11AFB9204008FA782 /* Sources */,
				607FACE21AFB9204008FA782 /* Frameworks */,
				607FACE31AFB9204008FA782 /* Resources */,
				0B0112DBFB5D9EBE76D7DDD6 /* [CP] Embed Pods Frameworks */,
			);
			buildRules = (
			);
			dependencies = (
				607FACE71AFB9204008FA782 /* PBXTargetDependency */,
			);
			name = Teller_Tests;
			productName = Tests;
			productReference = 607FACE51AFB9204008FA782 /* Teller_Tests.xctest */;
			productType = "com.apple.product-type.bundle.unit-test";
		};
/* End PBXNativeTarget section */

/* Begin PBXProject section */
		607FACC81AFB9204008FA782 /* Project object */ = {
			isa = PBXProject;
			attributes = {
				LastSwiftUpdateCheck = 0830;
				LastUpgradeCheck = 1020;
				ORGANIZATIONNAME = CocoaPods;
				TargetAttributes = {
					607FACCF1AFB9204008FA782 = {
						CreatedOnToolsVersion = 6.3.1;
						DevelopmentTeam = 552H65R858;
						LastSwiftMigration = 1020;
					};
					607FACE41AFB9204008FA782 = {
						CreatedOnToolsVersion = 6.3.1;
						DevelopmentTeam = 552H65R858;
						LastSwiftMigration = 1020;
						TestTargetID = 607FACCF1AFB9204008FA782;
					};
				};
			};
			buildConfigurationList = 607FACCB1AFB9204008FA782 /* Build configuration list for PBXProject "Teller" */;
			compatibilityVersion = "Xcode 3.2";
			developmentRegion = en;
			hasScannedForEncodings = 0;
			knownRegions = (
				en,
				Base,
			);
			mainGroup = 607FACC71AFB9204008FA782;
			productRefGroup = 607FACD11AFB9204008FA782 /* Products */;
			projectDirPath = "";
			projectRoot = "";
			targets = (
				607FACCF1AFB9204008FA782 /* Teller_Example */,
				607FACE41AFB9204008FA782 /* Teller_Tests */,
			);
		};
/* End PBXProject section */

/* Begin PBXResourcesBuildPhase section */
		607FACCE1AFB9204008FA782 /* Resources */ = {
			isa = PBXResourcesBuildPhase;
			buildActionMask = 2147483647;
			files = (
				607FACDB1AFB9204008FA782 /* Main.storyboard in Resources */,
				607FACE01AFB9204008FA782 /* LaunchScreen.xib in Resources */,
				607FACDD1AFB9204008FA782 /* Images.xcassets in Resources */,
				F7C3CCDA217A7EFA00FA0879 /* CHANGELOG.md in Resources */,
			);
			runOnlyForDeploymentPostprocessing = 0;
		};
		607FACE31AFB9204008FA782 /* Resources */ = {
			isa = PBXResourcesBuildPhase;
			buildActionMask = 2147483647;
			files = (
			);
			runOnlyForDeploymentPostprocessing = 0;
		};
/* End PBXResourcesBuildPhase section */

/* Begin PBXShellScriptBuildPhase section */
		0B0112DBFB5D9EBE76D7DDD6 /* [CP] Embed Pods Frameworks */ = {
			isa = PBXShellScriptBuildPhase;
			buildActionMask = 2147483647;
			files = (
			);
			inputPaths = (
				"${PODS_ROOT}/Target Support Files/Pods-Teller_Tests/Pods-Teller_Tests-frameworks.sh",
				"${BUILT_PRODUCTS_DIR}/RxSwift/RxSwift.framework",
				"${BUILT_PRODUCTS_DIR}/RxBlocking/RxBlocking.framework",
				"${BUILT_PRODUCTS_DIR}/RxTest/RxTest.framework",
			);
			name = "[CP] Embed Pods Frameworks";
			outputPaths = (
				"${TARGET_BUILD_DIR}/${FRAMEWORKS_FOLDER_PATH}/RxSwift.framework",
				"${TARGET_BUILD_DIR}/${FRAMEWORKS_FOLDER_PATH}/RxBlocking.framework",
				"${TARGET_BUILD_DIR}/${FRAMEWORKS_FOLDER_PATH}/RxTest.framework",
			);
			runOnlyForDeploymentPostprocessing = 0;
			shellPath = /bin/sh;
			shellScript = "\"${PODS_ROOT}/Target Support Files/Pods-Teller_Tests/Pods-Teller_Tests-frameworks.sh\"\n";
			showEnvVarsInLog = 0;
		};
		2B6C99DC536560365BC9B0DE /* [CP] Check Pods Manifest.lock */ = {
			isa = PBXShellScriptBuildPhase;
			buildActionMask = 2147483647;
			files = (
			);
			inputPaths = (
				"${PODS_PODFILE_DIR_PATH}/Podfile.lock",
				"${PODS_ROOT}/Manifest.lock",
			);
			name = "[CP] Check Pods Manifest.lock";
			outputPaths = (
				"$(DERIVED_FILE_DIR)/Pods-Teller_Tests-checkManifestLockResult.txt",
			);
			runOnlyForDeploymentPostprocessing = 0;
			shellPath = /bin/sh;
			shellScript = "diff \"${PODS_PODFILE_DIR_PATH}/Podfile.lock\" \"${PODS_ROOT}/Manifest.lock\" > /dev/null\nif [ $? != 0 ] ; then\n    # print error to STDERR\n    echo \"error: The sandbox is not in sync with the Podfile.lock. Run 'pod install' or update your CocoaPods installation.\" >&2\n    exit 1\nfi\n# This output is used by Xcode 'outputs' to avoid re-running this script phase.\necho \"SUCCESS\" > \"${SCRIPT_OUTPUT_FILE_0}\"\n";
			showEnvVarsInLog = 0;
		};
		366E1D720DD85BDC303F98E4 /* [CP] Check Pods Manifest.lock */ = {
			isa = PBXShellScriptBuildPhase;
			buildActionMask = 2147483647;
			files = (
			);
			inputPaths = (
				"${PODS_PODFILE_DIR_PATH}/Podfile.lock",
				"${PODS_ROOT}/Manifest.lock",
			);
			name = "[CP] Check Pods Manifest.lock";
			outputPaths = (
				"$(DERIVED_FILE_DIR)/Pods-Teller_Example-checkManifestLockResult.txt",
			);
			runOnlyForDeploymentPostprocessing = 0;
			shellPath = /bin/sh;
			shellScript = "diff \"${PODS_PODFILE_DIR_PATH}/Podfile.lock\" \"${PODS_ROOT}/Manifest.lock\" > /dev/null\nif [ $? != 0 ] ; then\n    # print error to STDERR\n    echo \"error: The sandbox is not in sync with the Podfile.lock. Run 'pod install' or update your CocoaPods installation.\" >&2\n    exit 1\nfi\n# This output is used by Xcode 'outputs' to avoid re-running this script phase.\necho \"SUCCESS\" > \"${SCRIPT_OUTPUT_FILE_0}\"\n";
			showEnvVarsInLog = 0;
		};
		5D27B4C85AAC3DD444A10FA1 /* [CP] Embed Pods Frameworks */ = {
			isa = PBXShellScriptBuildPhase;
			buildActionMask = 2147483647;
			files = (
			);
			inputPaths = (
				"${PODS_ROOT}/Target Support Files/Pods-Teller_Example/Pods-Teller_Example-frameworks.sh",
				"${BUILT_PRODUCTS_DIR}/Alamofire/Alamofire.framework",
				"${BUILT_PRODUCTS_DIR}/Moya/Moya.framework",
				"${BUILT_PRODUCTS_DIR}/Result/Result.framework",
				"${BUILT_PRODUCTS_DIR}/RxCocoa/RxCocoa.framework",
				"${BUILT_PRODUCTS_DIR}/RxRelay/RxRelay.framework",
				"${BUILT_PRODUCTS_DIR}/RxSwift/RxSwift.framework",
				"${BUILT_PRODUCTS_DIR}/Teller/Teller.framework",
			);
			name = "[CP] Embed Pods Frameworks";
			outputPaths = (
				"${TARGET_BUILD_DIR}/${FRAMEWORKS_FOLDER_PATH}/Alamofire.framework",
				"${TARGET_BUILD_DIR}/${FRAMEWORKS_FOLDER_PATH}/Moya.framework",
				"${TARGET_BUILD_DIR}/${FRAMEWORKS_FOLDER_PATH}/Result.framework",
				"${TARGET_BUILD_DIR}/${FRAMEWORKS_FOLDER_PATH}/RxCocoa.framework",
				"${TARGET_BUILD_DIR}/${FRAMEWORKS_FOLDER_PATH}/RxRelay.framework",
				"${TARGET_BUILD_DIR}/${FRAMEWORKS_FOLDER_PATH}/RxSwift.framework",
				"${TARGET_BUILD_DIR}/${FRAMEWORKS_FOLDER_PATH}/Teller.framework",
			);
			runOnlyForDeploymentPostprocessing = 0;
			shellPath = /bin/sh;
			shellScript = "\"${PODS_ROOT}/Target Support Files/Pods-Teller_Example/Pods-Teller_Example-frameworks.sh\"\n";
			showEnvVarsInLog = 0;
		};
/* End PBXShellScriptBuildPhase section */

/* Begin PBXSourcesBuildPhase section */
		607FACCC1AFB9204008FA782 /* Sources */ = {
			isa = PBXSourcesBuildPhase;
			buildActionMask = 2147483647;
			files = (
				F7D27548216687D400D89CA5 /* GitHubService.swift in Sources */,
				F7BE7234216677E800D0F288 /* ExampleLocalRepository.swift in Sources */,
				F7B5CD06216682C900EDC914 /* ExampleOnlineRepository.swift in Sources */,
				607FACD81AFB9204008FA782 /* ViewController.swift in Sources */,
				607FACD61AFB9204008FA782 /* AppDelegate.swift in Sources */,
			);
			runOnlyForDeploymentPostprocessing = 0;
		};
		607FACE11AFB9204008FA782 /* Sources */ = {
			isa = PBXSourcesBuildPhase;
			buildActionMask = 2147483647;
			files = (
				F7AFBDEC21505339008ECB51 /* OnlineDataStateTest.swift in Sources */,
				F7AFBDF521505D03008ECB51 /* LocalRepositoryTest.swift in Sources */,
				F7818C6121517C820050607E /* MockOnlineRepositoryDataSource.swift in Sources */,
				F7DDEDA821B15FB8005ADF92 /* FetchingFreshCacheStateMachineTest.swift in Sources */,
				F7818C5F21517C220050607E /* OnlineRepositoryTest.swift in Sources */,
				F7DDEDAD21B5A8C2005ADF92 /* UserDefaultsUtilMock.swift in Sources */,
				F7909F1521BB2EF60034055D /* MockOnlineRepositoryRefreshManager.swift in Sources */,
				F7818C5621514AE70050607E /* PeriodTest.swift in Sources */,
				F7EC6AB821B7230F002D272A /* OnlineRepositoryRefreshManagerTest.swift in Sources */,
				F7818C5121507B090050607E /* TellerUserDefaultsUtilTest.swift in Sources */,
				F721D2122187C3D500C2C7E8 /* TestsSchedulersProvider.swift in Sources */,
				F7818C45215074F70050607E /* TellerRepositorySyncStateManagerTest.swift in Sources */,
				F7AFBDEA21505130008ECB51 /* LocalDataStateTest.swift in Sources */,
				F7AFBDF0215059CC008ECB51 /* FetchResponseTest.swift in Sources */,
				F7818C5B21514C490050607E /* LocalDataStateCompoundBehaviorSubjectTest.swift in Sources */,
				F7818C912152CE440050607E /* OnlineDataState+StateTest.swift in Sources */,
				F7818C8E2152CA1F0050607E /* LocalDataState+StateTest.swift in Sources */,
				F7DDEDA621B15EFC005ADF92 /* CacheStateMachineTest.swift in Sources */,
				F7818C6321517F2C0050607E /* MockRepositorySyncStateManager.swift in Sources */,
				F7AFBDF221505B99008ECB51 /* RefreshResultTest.swift in Sources */,
				F7DDEDA421B15DCC005ADF92 /* NoCacheStateMachineTest.swift in Sources */,
				F7DDEDAF21B5AAE7005ADF92 /* TellerTest.swift in Sources */,
				F7818C5D215172180050607E /* OnlineDataStateBehaviorSubjectTest.swift in Sources */,
				F7DDEDA221B00A6A005ADF92 /* OnlineDataStateStateMachineTest.swift in Sources */,
				F72A285C21876F96007444D7 /* TellerErrorTest.swift in Sources */,
				F7818C53215143460050607E /* OnlineRepositoryDataSourceTest.swift in Sources */,
			);
			runOnlyForDeploymentPostprocessing = 0;
		};
/* End PBXSourcesBuildPhase section */

/* Begin PBXTargetDependency section */
		607FACE71AFB9204008FA782 /* PBXTargetDependency */ = {
			isa = PBXTargetDependency;
			target = 607FACCF1AFB9204008FA782 /* Teller_Example */;
			targetProxy = 607FACE61AFB9204008FA782 /* PBXContainerItemProxy */;
		};
/* End PBXTargetDependency section */

/* Begin PBXVariantGroup section */
		607FACD91AFB9204008FA782 /* Main.storyboard */ = {
			isa = PBXVariantGroup;
			children = (
				607FACDA1AFB9204008FA782 /* Base */,
			);
			name = Main.storyboard;
			sourceTree = "<group>";
		};
		607FACDE1AFB9204008FA782 /* LaunchScreen.xib */ = {
			isa = PBXVariantGroup;
			children = (
				607FACDF1AFB9204008FA782 /* Base */,
			);
			name = LaunchScreen.xib;
			sourceTree = "<group>";
		};
/* End PBXVariantGroup section */

/* Begin XCBuildConfiguration section */
		607FACED1AFB9204008FA782 /* Debug */ = {
			isa = XCBuildConfiguration;
			buildSettings = {
				ALWAYS_SEARCH_USER_PATHS = NO;
				CLANG_ANALYZER_LOCALIZABILITY_NONLOCALIZED = YES;
				CLANG_CXX_LANGUAGE_STANDARD = "gnu++0x";
				CLANG_CXX_LIBRARY = "libc++";
				CLANG_ENABLE_MODULES = YES;
				CLANG_ENABLE_OBJC_ARC = YES;
				CLANG_WARN_BLOCK_CAPTURE_AUTORELEASING = YES;
				CLANG_WARN_BOOL_CONVERSION = YES;
				CLANG_WARN_COMMA = YES;
				CLANG_WARN_CONSTANT_CONVERSION = YES;
				CLANG_WARN_DEPRECATED_OBJC_IMPLEMENTATIONS = YES;
				CLANG_WARN_DIRECT_OBJC_ISA_USAGE = YES_ERROR;
				CLANG_WARN_EMPTY_BODY = YES;
				CLANG_WARN_ENUM_CONVERSION = YES;
				CLANG_WARN_INFINITE_RECURSION = YES;
				CLANG_WARN_INT_CONVERSION = YES;
				CLANG_WARN_NON_LITERAL_NULL_CONVERSION = YES;
				CLANG_WARN_OBJC_IMPLICIT_RETAIN_SELF = YES;
				CLANG_WARN_OBJC_LITERAL_CONVERSION = YES;
				CLANG_WARN_OBJC_ROOT_CLASS = YES_ERROR;
				CLANG_WARN_RANGE_LOOP_ANALYSIS = YES;
				CLANG_WARN_STRICT_PROTOTYPES = YES;
				CLANG_WARN_SUSPICIOUS_MOVE = YES;
				CLANG_WARN_UNREACHABLE_CODE = YES;
				CLANG_WARN__DUPLICATE_METHOD_MATCH = YES;
				"CODE_SIGN_IDENTITY[sdk=iphoneos*]" = "iPhone Developer";
				COPY_PHASE_STRIP = NO;
				DEBUG_INFORMATION_FORMAT = "dwarf-with-dsym";
				ENABLE_STRICT_OBJC_MSGSEND = YES;
				ENABLE_TESTABILITY = YES;
				GCC_C_LANGUAGE_STANDARD = gnu99;
				GCC_DYNAMIC_NO_PIC = NO;
				GCC_NO_COMMON_BLOCKS = YES;
				GCC_OPTIMIZATION_LEVEL = 0;
				GCC_PREPROCESSOR_DEFINITIONS = (
					"DEBUG=1",
					"$(inherited)",
				);
				GCC_SYMBOLS_PRIVATE_EXTERN = NO;
				GCC_WARN_64_TO_32_BIT_CONVERSION = YES;
				GCC_WARN_ABOUT_RETURN_TYPE = YES_ERROR;
				GCC_WARN_UNDECLARED_SELECTOR = YES;
				GCC_WARN_UNINITIALIZED_AUTOS = YES_AGGRESSIVE;
				GCC_WARN_UNUSED_FUNCTION = YES;
				GCC_WARN_UNUSED_VARIABLE = YES;
				IPHONEOS_DEPLOYMENT_TARGET = 9.3;
				MTL_ENABLE_DEBUG_INFO = YES;
				ONLY_ACTIVE_ARCH = YES;
				SDKROOT = iphoneos;
				SWIFT_OPTIMIZATION_LEVEL = "-Onone";
			};
			name = Debug;
		};
		607FACEE1AFB9204008FA782 /* Release */ = {
			isa = XCBuildConfiguration;
			buildSettings = {
				ALWAYS_SEARCH_USER_PATHS = NO;
				CLANG_ANALYZER_LOCALIZABILITY_NONLOCALIZED = YES;
				CLANG_CXX_LANGUAGE_STANDARD = "gnu++0x";
				CLANG_CXX_LIBRARY = "libc++";
				CLANG_ENABLE_MODULES = YES;
				CLANG_ENABLE_OBJC_ARC = YES;
				CLANG_WARN_BLOCK_CAPTURE_AUTORELEASING = YES;
				CLANG_WARN_BOOL_CONVERSION = YES;
				CLANG_WARN_COMMA = YES;
				CLANG_WARN_CONSTANT_CONVERSION = YES;
				CLANG_WARN_DEPRECATED_OBJC_IMPLEMENTATIONS = YES;
				CLANG_WARN_DIRECT_OBJC_ISA_USAGE = YES_ERROR;
				CLANG_WARN_EMPTY_BODY = YES;
				CLANG_WARN_ENUM_CONVERSION = YES;
				CLANG_WARN_INFINITE_RECURSION = YES;
				CLANG_WARN_INT_CONVERSION = YES;
				CLANG_WARN_NON_LITERAL_NULL_CONVERSION = YES;
				CLANG_WARN_OBJC_IMPLICIT_RETAIN_SELF = YES;
				CLANG_WARN_OBJC_LITERAL_CONVERSION = YES;
				CLANG_WARN_OBJC_ROOT_CLASS = YES_ERROR;
				CLANG_WARN_RANGE_LOOP_ANALYSIS = YES;
				CLANG_WARN_STRICT_PROTOTYPES = YES;
				CLANG_WARN_SUSPICIOUS_MOVE = YES;
				CLANG_WARN_UNREACHABLE_CODE = YES;
				CLANG_WARN__DUPLICATE_METHOD_MATCH = YES;
				"CODE_SIGN_IDENTITY[sdk=iphoneos*]" = "iPhone Developer";
				COPY_PHASE_STRIP = NO;
				DEBUG_INFORMATION_FORMAT = "dwarf-with-dsym";
				ENABLE_NS_ASSERTIONS = NO;
				ENABLE_STRICT_OBJC_MSGSEND = YES;
				GCC_C_LANGUAGE_STANDARD = gnu99;
				GCC_NO_COMMON_BLOCKS = YES;
				GCC_WARN_64_TO_32_BIT_CONVERSION = YES;
				GCC_WARN_ABOUT_RETURN_TYPE = YES_ERROR;
				GCC_WARN_UNDECLARED_SELECTOR = YES;
				GCC_WARN_UNINITIALIZED_AUTOS = YES_AGGRESSIVE;
				GCC_WARN_UNUSED_FUNCTION = YES;
				GCC_WARN_UNUSED_VARIABLE = YES;
				IPHONEOS_DEPLOYMENT_TARGET = 9.3;
				MTL_ENABLE_DEBUG_INFO = NO;
				SDKROOT = iphoneos;
				SWIFT_OPTIMIZATION_LEVEL = "-Owholemodule";
				VALIDATE_PRODUCT = YES;
			};
			name = Release;
		};
		607FACF01AFB9204008FA782 /* Debug */ = {
			isa = XCBuildConfiguration;
			baseConfigurationReference = 7755B3E7D4E28EE0C921E9B6 /* Pods-Teller_Example.debug.xcconfig */;
			buildSettings = {
				ASSETCATALOG_COMPILER_APPICON_NAME = AppIcon;
				DEVELOPMENT_TEAM = 552H65R858;
				INFOPLIST_FILE = Teller/Info.plist;
				LD_RUNPATH_SEARCH_PATHS = "$(inherited) @executable_path/Frameworks";
				MODULE_NAME = ExampleApp;
				PRODUCT_BUNDLE_IDENTIFIER = "org.cocoapods.demo.$(PRODUCT_NAME:rfc1034identifier)";
				PRODUCT_NAME = "$(TARGET_NAME)";
				SWIFT_VERSION = 5.0;
			};
			name = Debug;
		};
		607FACF11AFB9204008FA782 /* Release */ = {
			isa = XCBuildConfiguration;
			baseConfigurationReference = 2A3E4A6C0838D38DF48D3140 /* Pods-Teller_Example.release.xcconfig */;
			buildSettings = {
				ASSETCATALOG_COMPILER_APPICON_NAME = AppIcon;
				DEVELOPMENT_TEAM = 552H65R858;
				INFOPLIST_FILE = Teller/Info.plist;
				LD_RUNPATH_SEARCH_PATHS = "$(inherited) @executable_path/Frameworks";
				MODULE_NAME = ExampleApp;
				PRODUCT_BUNDLE_IDENTIFIER = "org.cocoapods.demo.$(PRODUCT_NAME:rfc1034identifier)";
				PRODUCT_NAME = "$(TARGET_NAME)";
				SWIFT_VERSION = 5.0;
			};
			name = Release;
		};
		607FACF31AFB9204008FA782 /* Debug */ = {
			isa = XCBuildConfiguration;
			baseConfigurationReference = EDF3627C0E4FA9CEE926B448 /* Pods-Teller_Tests.debug.xcconfig */;
			buildSettings = {
				DEVELOPMENT_TEAM = 552H65R858;
				FRAMEWORK_SEARCH_PATHS = "$(inherited)";
				GCC_PREPROCESSOR_DEFINITIONS = (
					"DEBUG=1",
					"$(inherited)",
				);
				INFOPLIST_FILE = Tests/Info.plist;
				LD_RUNPATH_SEARCH_PATHS = "$(inherited) @executable_path/Frameworks @loader_path/Frameworks";
				PRODUCT_BUNDLE_IDENTIFIER = "org.cocoapods.$(PRODUCT_NAME:rfc1034identifier)";
				PRODUCT_NAME = "$(TARGET_NAME)";
				SWIFT_VERSION = 5.0;
				TEST_HOST = "$(BUILT_PRODUCTS_DIR)/Teller_Example.app/Teller_Example";
			};
			name = Debug;
		};
		607FACF41AFB9204008FA782 /* Release */ = {
			isa = XCBuildConfiguration;
			baseConfigurationReference = BDBCD57E9AF937C1B30D8306 /* Pods-Teller_Tests.release.xcconfig */;
			buildSettings = {
				DEVELOPMENT_TEAM = 552H65R858;
				FRAMEWORK_SEARCH_PATHS = "$(inherited)";
				INFOPLIST_FILE = Tests/Info.plist;
				LD_RUNPATH_SEARCH_PATHS = "$(inherited) @executable_path/Frameworks @loader_path/Frameworks";
				PRODUCT_BUNDLE_IDENTIFIER = "org.cocoapods.$(PRODUCT_NAME:rfc1034identifier)";
				PRODUCT_NAME = "$(TARGET_NAME)";
				SWIFT_VERSION = 5.0;
				TEST_HOST = "$(BUILT_PRODUCTS_DIR)/Teller_Example.app/Teller_Example";
			};
			name = Release;
		};
/* End XCBuildConfiguration section */

/* Begin XCConfigurationList section */
		607FACCB1AFB9204008FA782 /* Build configuration list for PBXProject "Teller" */ = {
			isa = XCConfigurationList;
			buildConfigurations = (
				607FACED1AFB9204008FA782 /* Debug */,
				607FACEE1AFB9204008FA782 /* Release */,
			);
			defaultConfigurationIsVisible = 0;
			defaultConfigurationName = Release;
		};
		607FACEF1AFB9204008FA782 /* Build configuration list for PBXNativeTarget "Teller_Example" */ = {
			isa = XCConfigurationList;
			buildConfigurations = (
				607FACF01AFB9204008FA782 /* Debug */,
				607FACF11AFB9204008FA782 /* Release */,
			);
			defaultConfigurationIsVisible = 0;
			defaultConfigurationName = Release;
		};
		607FACF21AFB9204008FA782 /* Build configuration list for PBXNativeTarget "Teller_Tests" */ = {
			isa = XCConfigurationList;
			buildConfigurations = (
				607FACF31AFB9204008FA782 /* Debug */,
				607FACF41AFB9204008FA782 /* Release */,
			);
			defaultConfigurationIsVisible = 0;
			defaultConfigurationName = Release;
		};
/* End XCConfigurationList section */
	};
	rootObject = 607FACC81AFB9204008FA782 /* Project object */;
}
